
Microsoft Visual Studio Solution File, Format Version 12.00
# Visual Studio Version 17
VisualStudioVersion = 17.6.33723.286
MinimumVisualStudioVersion = 10.0.40219.1
Project("{9A19103F-16F7-4668-BE54-9A1E7A4F7556}") = "Recipi-API", "Recipi-API.csproj", "{537DF8CD-3B20-41E0-86DA-EF9B0EA8E7A6}"
EndProject
Project("{9A19103F-16F7-4668-BE54-9A1E7A4F7556}") = "RecipiDBlib", "..\RecipiDBlib\RecipiDBlib.csproj", "{45702B9F-269A-4E44-8ADA-B740428BF819}"
EndProject
Global
	GlobalSection(SolutionConfigurationPlatforms) = preSolution
		Debug|Any CPU = Debug|Any CPU
		Release|Any CPU = Release|Any CPU
	EndGlobalSection
	GlobalSection(ProjectConfigurationPlatforms) = postSolution
		{537DF8CD-3B20-41E0-86DA-EF9B0EA8E7A6}.Debug|Any CPU.ActiveCfg = Debug|Any CPU
		{537DF8CD-3B20-41E0-86DA-EF9B0EA8E7A6}.Debug|Any CPU.Build.0 = Debug|Any CPU
		{537DF8CD-3B20-41E0-86DA-EF9B0EA8E7A6}.Release|Any CPU.ActiveCfg = Release|Any CPU
		{537DF8CD-3B20-41E0-86DA-EF9B0EA8E7A6}.Release|Any CPU.Build.0 = Release|Any CPU
		{45702B9F-269A-4E44-8ADA-B740428BF819}.Debug|Any CPU.ActiveCfg = Debug|Any CPU
		{45702B9F-269A-4E44-8ADA-B740428BF819}.Debug|Any CPU.Build.0 = Debug|Any CPU
		{45702B9F-269A-4E44-8ADA-B740428BF819}.Release|Any CPU.ActiveCfg = Release|Any CPU
		{45702B9F-269A-4E44-8ADA-B740428BF819}.Release|Any CPU.Build.0 = Release|Any CPU
	EndGlobalSection
	GlobalSection(SolutionProperties) = preSolution
		HideSolutionNode = FALSE
	EndGlobalSection
	GlobalSection(ExtensibilityGlobals) = postSolution
		SolutionGuid = {8F6979BC-7188-4D3C-A8C5-AB46764AEC58}
	EndGlobalSection
EndGlobal
